github.com/davecgh/go-spew v1.1.0 h1:ZDRjVQ15GmhC3fiQ8ni8+OwkZQO4DARzQgrnXU1Liz8=
github.com/davecgh/go-spew v1.1.0/go.mod h1:J7Y8YcW2NihsgmVo/mv3lAwl/skON4iLHjSsI+c5H38=
github.com/pmezard/go-difflib v1.0.0 h1:4DBwDE0NGyQoBHbLQYPwSUPoCMWR5BEzIk/f1lZbAQM=
github.com/pmezard/go-difflib v1.0.0/go.mod h1:iKH77koFhYxTK1pcRnkKkqfTogsbg7gZNVY4sRDYZ/4=
github.com/stretchr/objx v0.1.0/go.mod h1:HFkY916IF+rwdDfMAkV7OtwuqBVzrE8GR6GFx+wExME=
github.com/stretchr/testify v1.5.1 h1:nOGnQDM7FYENwehXlg/kFVnos3rEvtKTjRvOWSzb6H4=
github.com/stretchr/testify v1.5.1/go.mod h1:5W2xD1RspED5o8YsWQXVCued0rvSQ+mT+I5cxcmMvtA=
github.com/xpwu/go-config v0.0.0-20220121153622-7b6f40653b1b/go.mod h1:WcIGlQK06FsHcu0NeuQ7bB8bZFkeVvPGwrcKI2aMaFc=
github.com/xpwu/go-config v0.0.0-20220123075748-0f7851f28163 h1:dD92GR2Kqq6vB3D2QQZlczO9SwYVuXSVTd2UHqLbiUY=
github.com/xpwu/go-config v0.0.0-20220123075748-0f7851f28163/go.mod h1:MHp/pOvdO9l81QG2fOlQDOeOie7q2SnK2BDUgrXX5C8=
github.com/xpwu/go-log v0.0.0-20220210151813-00e3758e787f h1:9bxfAQVGQu8957lJzO1xFredi82SvyTt23XNvJ8yP5I=
github.com/xpwu/go-log v0.0.0-20220210151813-00e3758e787f/go.mod h1:thZXl+ouliDHmuZ8KLz7pAnFu9errw27Vamhv1jA5xE=
github.com/xpwu/go-x v0.0.0-20220120021151-4ac8ee529bca/go.mod h1:fbWlT5O1aPLdzOhKnkPFao9E3q5LjQY3GXFnzML6Xz4=
github.com/xpwu/go-x v0.0.0-20220123075150-a3b3e80eea7e h1:XELYYs4cealKNDQThsiOU/NfuR4GGVYTkfCChjBTQIQ=
github.com/xpwu/go-x v0.0.0-20220123075150-a3b3e80eea7e/go.mod h1:fbWlT5O1aPLdzOhKnkPFao9E3q5LjQY3GXFnzML6Xz4=
gopkg.in/check.v1 v0.0.0-20161208181325-20d25e280405/go.mod h1:Co6ibVJAznAaIkqp8huTwlJQCZ016jof/cbN4VW5Yz0=
gopkg.in/yaml.v2 v2.2.2 h1:ZCJp+EgiOT7lHqUV2J862kp8Qj64Jo6az82+3Td9dZw=
gopkg.in/yaml.v2 v2.2.2/go.mod h1:hI93XBmqTisBFMUTm0b8Fm+jr3Dg1NNxqwp+5A1VGuI=
