github.com/davecgh/go-spew v1.1.0 h1:ZDRjVQ15GmhC3fiQ8ni8+OwkZQO4DARzQgrnXU1Liz8=
github.com/davecgh/go-spew v1.1.0/go.mod h1:J7Y8YcW2NihsgmVo/mv3lAwl/skON4iLHjSsI+c5H38=
github.com/fsnotify/fsnotify v1.4.7/go.mod h1:jwhsz4b93w/PPRr/qN1Yymfu8t87LnFCMoQvtojpjFo=
github.com/golang/protobuf v1.2.0/go.mod h1:6lQm79b+lXiMfvg/cZm0SGofjICqVBUtrP5yJMmIC1U=
github.com/golang/snappy v0.0.0-20180518054509-2e65f85255db h1:woRePGFeVFfLKN/pOkfl+p/TAqKOfFu+7KPlMVpok/w=
github.com/golang/snappy v0.0.0-20180518054509-2e65f85255db/go.mod h1:/XxbfmMg8lxefKM7IXC3fBNl/7bRcc72aCRzEWrmP2Q=
github.com/google/uuid v1.3.0 h1:t6JiXgmwXMjEs8VusXIJk2BXHsn+wx8BZdTaoZ5fu7I=
github.com/google/uuid v1.3.0/go.mod h1:TIyPZe4MgqvfeYDBFedMoGGpEw/LqOeaOT+nhxU+yHo=
github.com/hpcloud/tail v1.0.0 h1:nfCOvKYfkgYP8hkirhJocXT2+zOD8yUNjXaWfTlyFKI=
github.com/hpcloud/tail v1.0.0/go.mod h1:ab1qPbhIpdTxEkNHXyeSf5vhxWSCs/tWer42PpOxQnU=
github.com/onsi/ginkgo v1.6.0/go.mod h1:lLunBs/Ym6LB5Z9jYTR76FiuTmxDTDusOGeTQH+WWjE=
github.com/onsi/ginkgo v1.7.0 h1:WSHQ+IS43OoUrWtD1/bbclrwK8TTH5hzp+umCiuxHgs=
github.com/onsi/ginkgo v1.7.0/go.mod h1:lLunBs/Ym6LB5Z9jYTR76FiuTmxDTDusOGeTQH+WWjE=
github.com/onsi/gomega v1.4.3 h1:RE1xgDvH7imwFD45h+u2SgIfERHlS2yNG4DObb5BSKU=
github.com/onsi/gomega v1.4.3/go.mod h1:ex+gbHU/CVuBBDIJjb2X0qEXbFg53c61hWP/1CpauHY=
github.com/pmezard/go-difflib v1.0.0 h1:4DBwDE0NGyQoBHbLQYPwSUPoCMWR5BEzIk/f1lZbAQM=
github.com/pmezard/go-difflib v1.0.0/go.mod h1:iKH77koFhYxTK1pcRnkKkqfTogsbg7gZNVY4sRDYZ/4=
github.com/robfig/cron/v3 v3.0.0 h1:kQ6Cb7aHOHTSzNVNEhmp8EcWKLb4CbiMW9h9VyIhO4E=
github.com/robfig/cron/v3 v3.0.0/go.mod h1:eQICP3HwyT7UooqI/z+Ov+PtYAWygg1TEWWzGIFLtro=
github.com/stretchr/objx v0.1.0/go.mod h1:HFkY916IF+rwdDfMAkV7OtwuqBVzrE8GR6GFx+wExME=
github.com/stretchr/testify v1.5.1 h1:nOGnQDM7FYENwehXlg/kFVnos3rEvtKTjRvOWSzb6H4=
github.com/stretchr/testify v1.5.1/go.mod h1:5W2xD1RspED5o8YsWQXVCued0rvSQ+mT+I5cxcmMvtA=
github.com/syndtr/goleveldb v1.0.0 h1:fBdIW9lB4Iz0n9khmH8w27SJ3QEJ7+IgjPEwGSZiFdE=
github.com/syndtr/goleveldb v1.0.0/go.mod h1:ZVVdQEZoIme9iO1Ch2Jdy24qqXrMMOU6lpPAyBWyWuQ=
github.com/xpwu/go-cmd v0.0.0-20220120085450-0e19f81d7237/go.mod h1:hlID1UUINRJXJSSf1nAsPfLJbSNafd82ouYs0gxvsgM=
github.com/xpwu/go-cmd v0.0.0-20220120102800-bde0777fdf99/go.mod h1:hlID1UUINRJXJSSf1nAsPfLJbSNafd82ouYs0gxvsgM=
github.com/xpwu/go-cmd v0.0.0-20220210070727-ca5bec5c9e45 h1:HsJz0FgCh2DOBluvU7P6HmJ5tuM19OONIflAS69zPnI=
github.com/xpwu/go-cmd v0.0.0-20220210070727-ca5bec5c9e45/go.mod h1:9wb9TDqTcFZsGQlipv28x86gjL0W3HSxLDFr9CHggZA=
github.com/xpwu/go-config v0.0.0-20220120022145-665ba74379f3/go.mod h1:WcIGlQK06FsHcu0NeuQ7bB8bZFkeVvPGwrcKI2aMaFc=
github.com/xpwu/go-config v0.0.0-20220121153622-7b6f40653b1b/go.mod h1:WcIGlQK06FsHcu0NeuQ7bB8bZFkeVvPGwrcKI2aMaFc=
github.com/xpwu/go-config v0.0.0-20220211175849-2ba23035fa38 h1:a7MrWgyv15uZPEiogZ/oviaQsEnaqBpEVAWZpdMaBAo=
github.com/xpwu/go-config v0.0.0-20220211175849-2ba23035fa38/go.mod h1:MHp/pOvdO9l81QG2fOlQDOeOie7q2SnK2BDUgrXX5C8=
github.com/xpwu/go-httpclient v0.0.0-20220121160550-a00953ba3a2e h1:BFwYpPQyu1PqlJ7aSOdMFP6/5sdwOXt6Gj+lQRB6GYg=
github.com/xpwu/go-httpclient v0.0.0-20220121160550-a00953ba3a2e/go.mod h1:VZnGTITinyZ8lAnQYN/2ZEgCDz5m9ROPrMJjGYuD5rw=
github.com/xpwu/go-log v0.0.0-20220120022843-2cbc01400de4/go.mod h1:qulI7g0Yyd0Wr5RbH5cVEZiGhJISJVgGjwy6HnQaEms=
github.com/xpwu/go-log v0.0.0-20220121154757-1a8eef3685db/go.mod h1:thZXl+ouliDHmuZ8KLz7pAnFu9errw27Vamhv1jA5xE=
github.com/xpwu/go-log v0.0.0-20220210151813-00e3758e787f h1:9bxfAQVGQu8957lJzO1xFredi82SvyTt23XNvJ8yP5I=
github.com/xpwu/go-log v0.0.0-20220210151813-00e3758e787f/go.mod h1:thZXl+ouliDHmuZ8KLz7pAnFu9errw27Vamhv1jA5xE=
github.com/xpwu/go-pipe v0.0.0-20220115063006-dac336d40ac5 h1:htoVwOyr2IMJHtVg7axexOZDHtOt/NTFIa9nCtDmSZc=
github.com/xpwu/go-pipe v0.0.0-20220115063006-dac336d40ac5/go.mod h1:apP02ck3B5eCKc19TTQh+to4iTyeCe8aU8isMv7IuCs=
github.com/xpwu/go-reqid v0.0.0-20220121092940-0d390bc2f5a5/go.mod h1:VG6DraZK8fsAMskvr95aCYppalDEcKO4NnyNz6W8vO4=
github.com/xpwu/go-reqid v0.0.0-20220121111345-9dac6c8cd03c h1:QFtpXTpTS8HHSPyV17g2+RPwifQSjxJKW628o0i77LU=
github.com/xpwu/go-reqid v0.0.0-20220121111345-9dac6c8cd03c/go.mod h1:VG6DraZK8fsAMskvr95aCYppalDEcKO4NnyNz6W8vO4=
github.com/xpwu/go-tinyserver v0.0.0-20220211181921-f977ae7640ba h1:DeqbU0E+xIlEw3D7reKZceR5TYl1+5VqJ4LqTEzfAxE=
github.com/xpwu/go-tinyserver v0.0.0-20220211181921-f977ae7640ba/go.mod h1:SSsVToufrui9YqrpY4/jYcZg5RS8rlCMbqpp9Y8f/Bg=
github.com/xpwu/go-x v0.0.0-20220120021151-4ac8ee529bca/go.mod h1:fbWlT5O1aPLdzOhKnkPFao9E3q5LjQY3GXFnzML6Xz4=
github.com/xpwu/go-x v0.0.0-20220123075150-a3b3e80eea7e/go.mod h1:fbWlT5O1aPLdzOhKnkPFao9E3q5LjQY3GXFnzML6Xz4=
github.com/xpwu/go-x v0.0.0-20220124144953-4f839dd5ea5a h1:gG4UbmXmOnrK1AzrY/e6Eof5TpMGIkDgq5wCDNIzOeM=
github.com/xpwu/go-x v0.0.0-20220124144953-4f839dd5ea5a/go.mod h1:fbWlT5O1aPLdzOhKnkPFao9E3q5LjQY3GXFnzML6Xz4=
github.com/xpwu/go-xnet v0.0.0-20220120153650-2b224b1315d3/go.mod h1:uyI3T+FpSSBKPHn9TIhqCRVYm8jb6WYe+qo9DuQQ7jE=
github.com/xpwu/go-xnet v0.0.0-20220211182319-116f84b514f3 h1:I/xRENkb2PVwv5HEyWfnLahJ18dkmSbDcIDJ7omIMYM=
github.com/xpwu/go-xnet v0.0.0-20220211182319-116f84b514f3/go.mod h1:uyI3T+FpSSBKPHn9TIhqCRVYm8jb6WYe+qo9DuQQ7jE=
golang.org/x/net v0.0.0-20180906233101-161cd47e91fd h1:nTDtHvHSdCn1m6ITfMRqtOd/9+7a3s8RBNOZ3eYZzJA=
golang.org/x/net v0.0.0-20180906233101-161cd47e91fd/go.mod h1:mL1N/T3taQHkDXs73rZJwtUhF3w3ftmwwsq0BUmARs4=
golang.org/x/sync v0.0.0-20180314180146-1d60e4601c6f/go.mod h1:RxMgew5VJxzue5/jJTE5uejpjVlOe/izrB70Jof72aM=
golang.org/x/sync v0.0.0-20210220032951-036812b2e83c h1:5KslGYwFpkhGh+Q16bwMP3cOontH8FOep7tGV86Y7SQ=
golang.org/x/sync v0.0.0-20210220032951-036812b2e83c/go.mod h1:RxMgew5VJxzue5/jJTE5uejpjVlOe/izrB70Jof72aM=
golang.org/x/sys v0.0.0-20180909124046-d0be0721c37e h1:o3PsSEY8E4eXWkXrIP9YJALUkVZqzHJT5DOasTyn8Vs=
golang.org/x/sys v0.0.0-20180909124046-d0be0721c37e/go.mod h1:STP8DvDyc/dI5b8T5hshtkjS+E42TnysNCUPdjciGhY=
golang.org/x/text v0.3.0 h1:g61tztE5qeGQ89tm6NTjjM9VPIm088od1l6aSorWRWg=
golang.org/x/text v0.3.0/go.mod h1:NqM8EUOU14njkJ3fqMW+pc6Ldnwhi/IjpwHt7yyuwOQ=
gopkg.in/check.v1 v0.0.0-20161208181325-20d25e280405/go.mod h1:Co6ibVJAznAaIkqp8huTwlJQCZ016jof/cbN4VW5Yz0=
gopkg.in/fsnotify.v1 v1.4.7 h1:xOHLXZwVvI9hhs+cLKq5+I5onOuwQLhQwiu63xxlHs4=
gopkg.in/fsnotify.v1 v1.4.7/go.mod h1:Tz8NjZHkW78fSQdbUxIjBTcgA1z1m8ZHf0WmKUhAMys=
gopkg.in/tomb.v1 v1.0.0-20141024135613-dd632973f1e7 h1:uRGJdciOHaEIrze2W8Q3AKkepLTh2hOroT7a+7czfdQ=
gopkg.in/tomb.v1 v1.0.0-20141024135613-dd632973f1e7/go.mod h1:dt/ZhP58zS4L8KSrWDmTeBkI65Dw0HsyUHuEVlX15mw=
gopkg.in/yaml.v2 v2.2.1/go.mod h1:hI93XBmqTisBFMUTm0b8Fm+jr3Dg1NNxqwp+5A1VGuI=
gopkg.in/yaml.v2 v2.2.2 h1:ZCJp+EgiOT7lHqUV2J862kp8Qj64Jo6az82+3Td9dZw=
gopkg.in/yaml.v2 v2.2.2/go.mod h1:hI93XBmqTisBFMUTm0b8Fm+jr3Dg1NNxqwp+5A1VGuI=
